{
  "lockfileVersion": 1,
  "configVersion": 1,
  "workspaces": {
    "": {
      "name": "flies-server",
      "dependencies": {
        "@orpc/client": "^2.0.0-beta.32",
        "@orpc/openapi": "^2.0.0-beta.32",
        "@orpc/server": "^2.0.0-beta.32",
        "@orpc/zod": "^2.0.0-beta.32",
        "@t3-oss/env-core": "^0.13.11",
        "uuid": "^14.0.2",
        "zod": "^4.5.4",
      },
      "devDependencies": {
        "@types/bun": "latest",
      },
      "peerDependencies": {
        "typescript": "^5",
      },
    },
  },
  "packages": {
    "@hey-api/spec-types": ["@hey-api/spec-types@0.0.0-next-20260408030107", "", { "dependencies": { "@hey-api/types": "0.1.4" } }, "sha512-P5DKr4dpZ7lmZpZt2bc2KWuzU9vl4GZcN7VrjchZF1WWKNGZFnwWhBxZo1t6P2muOCopIvqD2Fvp5os4QiitKA=="],

    "@hey-api/types": ["@hey-api/types@0.1.4", "", {}, "sha512-thWfawrDIP7wSI9ioT13I5soaaqB5vAPIiZmgD8PbeEVKNrkonc0N/Sjj97ezl7oQgusZmaNphGdMKipPO6IBg=="],

    "@orpc/client": ["@orpc/client@2.0.0", "", { "dependencies": { "@orpc/shared": "0.0.5", "@orpc/transformer": "0.0.4" }, "peerDependencies": { "@orpc/contract": "0.1.0", "@orpc/server": "0.2.0" } }, "sha512-lhuFuW8g61Q9/AF1qW0UGe69xYeD+nqS8UJUIKh0hI4bR2JScr+W9zj9swucW6lPUw+Q2Ej9gxK4DSi6gHUHJQ=="],

    "@orpc/contract": ["@orpc/contract@2.0.0-beta.33", "", { "dependencies": { "@orpc/client": "2.0.0-beta.33", "@orpc/shared": "2.0.0-beta.33", "@standard-schema/spec": "^1.1.0" } }, "sha512-f2YjAy6FiG+9ur0yiThozTxqC1+Fp75NftjX/XJLW+sVqFT4lOia1vCwfY0nX21vPoUnLGZqfegYW4OYTWGF4g=="],

    "@orpc/json-schema": ["@orpc/json-schema@2.0.0-beta.33", "", { "dependencies": { "@orpc/client": "2.0.0-beta.33", "@orpc/contract": "2.0.0-beta.33", "@orpc/server": "2.0.0-beta.33", "@orpc/shared": "2.0.0-beta.33", "@standard-schema/spec": "^1.1.0", "json-schema-typed": "^8.0.2" } }, "sha512-lovYanWrc4bvM4LKpeE/cAxfHYZZfnXxMAYnK0OwySZ6k8idpQRy/DV3Nq7nuxuSsITes6VKO62aXCD44OyyWA=="],

    "@orpc/openapi": ["@orpc/openapi@2.0.0-beta.33", "", { "dependencies": { "@hey-api/spec-types": "0.0.0-next-20260408030107", "@orpc/client": "2.0.0-beta.33", "@orpc/contract": "2.0.0-beta.33", "@orpc/json-schema": "2.0.0-beta.33", "@orpc/server": "2.0.0-beta.33", "@orpc/shared": "2.0.0-beta.33", "@standardserver/core": "^0.8.3", "@standardserver/fetch": "^0.8.3", "rou3": "^0.9.1" }, "peerDependencies": { "@scalar/api-reference": ">=1.57.2", "@types/swagger-ui": ">=5.32.0", "swagger-ui": ">=5.32.6" }, "optionalPeers": ["@scalar/api-reference", "@types/swagger-ui", "swagger-ui"] }, "sha512-o1jzpKKx3mTI5KnqIvymhWaeHbBdhL9ild/ir2+uCoumKmVR10lcvBWV2oir1VICzVhfyAHDgF8EJRdCnQsrbg=="],

    "@orpc/server": ["@orpc/server@2.0.0-beta.33", "", { "dependencies": { "@orpc/client": "2.0.0-beta.33", "@orpc/contract": "2.0.0-beta.33", "@orpc/shared": "2.0.0-beta.33", "@standardserver/aws-lambda": "^0.8.3", "@standardserver/core": "^0.8.3", "@standardserver/fastify": "^0.8.3", "@standardserver/fetch": "^0.8.3", "@standardserver/node": "^0.8.3", "@standardserver/peer": "^0.8.3", "cookie": "^2.0.1" }, "peerDependencies": { "crossws": ">=0.3.4", "fastify": ">=5.6.1" }, "optionalPeers": ["crossws", "fastify"] }, "sha512-79Zp4XofVrn6HnK/ykU+v9UMPONV4l2Olas2gSc/89sVCBF3rHEY9tMlxXqAgTR+jlOvh3wBDULUA24VdI23iA=="],

    "@orpc/shared": ["@orpc/shared@0.0.5", "", { "dependencies": { "is-what": "^5.0.2", "radash": "^12.1.0", "type-fest": "^4.26.1", "zod": "^3.23.8" } }, "sha512-CGeVRI/B1WyDdcYuOrQvFy3W2dF9IPQtB7kWDUrq774NkMrLXbR5f0UOCFVcOAeiA9BTKNBf+hYMDL5FKq9VjQ=="],

    "@orpc/transformer": ["@orpc/transformer@0.0.4", "", { "dependencies": { "@orpc/shared": "0.0.5", "@orpc/zod": "0.0.1", "@types/content-disposition": "^0.5.8", "content-disposition": "^0.5.4", "fast-content-type-parse": "^2.0.0", "wildcard-match": "^5.1.3", "zod": "^3.23.8" } }, "sha512-mVN88ay70lrUqvPh1DV/gy/3rVl0qbMwx8WqRr1F1TinfQ2K15pBLRm/5CYAccy8bbrxXlpRDUwjF75VktbWHg=="],

    "@orpc/zod": ["@orpc/zod@2.0.0-beta.33", "", { "dependencies": { "@orpc/json-schema": "2.0.0-beta.33", "json-schema-typed": "^8.0.2" }, "peerDependencies": { "zod": ">=4.5.0" } }, "sha512-nMwjumDBBL34IhCla32ROCvo7ni068wxcKWq8MdFGrcYWqIM9eaRlUn+sRLNveYAxv6l4IMHkEuLUFbrtAZxnA=="],

    "@standard-schema/spec": ["@standard-schema/spec@1.1.0", "", {}, "sha512-l2aFy5jALhniG5HgqrD6jXLi/rUWrKvqN/qJx6yoJsgKhblVd+iqqU4RCXavm/jPityDo5TCvKMnpjKnOriy0w=="],

    "@standardserver/aws-lambda": ["@standardserver/aws-lambda@0.8.3", "", { "dependencies": { "@standardserver/core": "0.8.3", "@standardserver/fetch": "0.8.3", "@standardserver/node": "0.8.3", "@standardserver/shared": "0.8.3" } }, "sha512-QozxFyi5h8cmcAgTTfd7KoHjjsfXwoSBdWV64Ehffow4i9+Hv6lvezwhsVchQRPXDbY7f3WzN5MJ/uWwesObng=="],

    "@standardserver/core": ["@standardserver/core@0.8.3", "", { "dependencies": { "@standardserver/shared": "0.8.3" } }, "sha512-G0jN6oU1N/p4DgmLuoEtuIxWvKr3LsnCGOaqnzM6/tnTQAnqKwxuZN5Oh8S/Fw7+IJNxDcn26jER4ZTAXTxsrA=="],

    "@standardserver/fastify": ["@standardserver/fastify@0.8.3", "", { "dependencies": { "@standardserver/core": "0.8.3", "@standardserver/node": "0.8.3" }, "peerDependencies": { "fastify": ">=5.6.1" }, "optionalPeers": ["fastify"] }, "sha512-bFfFJk1lWFRLgD4Rd/VOyyZm+87xyKdmRuHRVb8TDZw8JjWFrmBzFTJe+amrkrCZ+pzC3VIMy/XNSJoIkuygjA=="],

    "@standardserver/fetch": ["@standardserver/fetch@0.8.3", "", { "dependencies": { "@standardserver/core": "0.8.3", "@standardserver/shared": "0.8.3" } }, "sha512-Uy+lE/OzruJp5n7ZS7gFXpI9CkTHLty/wMeT/qSjijByfdN1Lk1kofXk0zQ4NqQ/Yk0m6LPAk0bD/mRyOP4T7g=="],

    "@standardserver/node": ["@standardserver/node@0.8.3", "", { "dependencies": { "@standardserver/core": "0.8.3", "@standardserver/fetch": "0.8.3", "@standardserver/shared": "0.8.3" } }, "sha512-pafmT/2sQ3NYD1CCIa+u0rANi4ke0iZ3Nz94rAPY1bpuf3xU3MlMuLFjg66bt3ioDwYiobGihkbXJ7GcoPfKGA=="],

    "@standardserver/peer": ["@standardserver/peer@0.8.3", "", { "dependencies": { "@standardserver/core": "0.8.3", "@standardserver/shared": "0.8.3" } }, "sha512-N1deRqDmSgq5Mz6ZJty3FYxhz7eEfqw3riBlcNR3idJGCssZT662scN3/WhnPjXrVhMXTJbAQNezs2A3gDBq5g=="],

    "@standardserver/shared": ["@standardserver/shared@0.8.3", "", {}, "sha512-HDn1zMWTXY0W5nS+6J7PnD5swCzSz+e8L1FvYk4PxNIAjUsEolNfkRgONOQ5D/W+rU4kyqGF8g0DbC08AfiyxA=="],

    "@t3-oss/env-core": ["@t3-oss/env-core@0.13.11", "", { "peerDependencies": { "arktype": "^2.1.0", "typescript": ">=5.0.0", "valibot": "^1.0.0-beta.7 || ^1.0.0", "zod": "^3.24.0 || ^4.0.0" }, "optionalPeers": ["arktype", "typescript", "valibot", "zod"] }, "sha512-sM7GYY+KL7H/Hl0BE0inWfk3nRHZOLhmVn7sHGxaZt9FAR6KqREXAE+6TqKfiavfXmpRxO/OZ2QgKRd+oiBYRQ=="],

    "@types/bun": ["@types/bun@1.4.1", "", { "dependencies": { "bun-types": "1.4.1" } }, "sha512-0AVGiTXGajf1rgKom3N+c5L7CBxuoyyv1i44M0nX4UDK0G/fnRAMiri93nHuVPIb429KKtAgj7HatVmmOjeQLA=="],

    "@types/content-disposition": ["@types/content-disposition@0.5.9", "", {}, "sha512-8uYXI3Gw35MhiVYhG3s295oihrxRyytcRHjSjqnqZVDDy/xcGBRny7+Xj1Wgfhv5QzRtN2hB2dVRBUX9XW3UcQ=="],

    "@types/node": ["@types/node@26.4.1", "", { "dependencies": { "undici-types": "~8.3.0" } }, "sha512-k97ENvZWtvA6yqz5/FS6a7duDgOPEeOQOc2iKS/nY6mX6qJUKtLnWzQS+Xj6tXweyj6ZcTAK2Qecetnvi9nCLA=="],

    "bun-types": ["bun-types@1.4.1", "", { "dependencies": { "@types/node": "*" } }, "sha512-loKuVrAFZKfEv+JvWkHRS9GW5IqLuLRjVXN9p+vZvBN86O5hf/pBZQ5hSoyipsrMmWObZBDvWnlmKvjKTM0PdA=="],

    "content-disposition": ["content-disposition@0.5.4", "", { "dependencies": { "safe-buffer": "5.2.1" } }, "sha512-FveZTNuGw04cxlAiWbzi6zTAL/lhehaWbTtgluJh4/E95DqMwTmha3KZN1aAWA8cFIhHzMZUvLevkw5Rqk+tSQ=="],

    "cookie": ["cookie@2.0.1", "", {}, "sha512-yuToqVvRrj6pfDXREyQAAv8SkAEk/8GS3jQRTiUMm66TVtBYmqQeoEjL2Lmq8Rpo6271vH76InTChTitEAm65w=="],

    "fast-content-type-parse": ["fast-content-type-parse@2.0.1", "", {}, "sha512-nGqtvLrj5w0naR6tDPfB4cUmYCqouzyQiz6C5y/LtcDllJdrcc6WaWW6iXyIIOErTa/XRybj28aasdn4LkVk6Q=="],

    "is-what": ["is-what@5.5.0", "", {}, "sha512-oG7cgbmg5kLYae2N5IVd3jm2s+vldjxJzK1pcu9LfpGuQ93MQSzo0okvRna+7y5ifrD+20FE8FvjusyGaz14fw=="],

    "json-schema-typed": ["json-schema-typed@8.0.2", "", {}, "sha512-fQhoXdcvc3V28x7C7BMs4P5+kNlgUURe2jmUT1T//oBRMDrqy1QPelJimwZGo7Hg9VPV3EQV5Bnq4hbFy2vetA=="],

    "radash": ["radash@12.1.1", "", {}, "sha512-h36JMxKRqrAxVD8201FrCpyeNuUY9Y5zZwujr20fFO77tpUtGa6EZzfKw/3WaiBX95fq7+MpsuMLNdSnORAwSA=="],

    "rou3": ["rou3@0.9.2", "", {}, "sha512-3SOzvaAg8rkHrXtRjpCvCvbyO5to9oOO27Z/XqHEYXfMRVSw/qMIVdmaOk9W2lcRLtR6dlqTjo9hDeJk70QBYQ=="],

    "safe-buffer": ["safe-buffer@5.2.1", "", {}, "sha512-rp3So07KcdmmKbGvgaNxQSJr7bGVSVk5S9Eq1F+ppbRo70+YeaDxkw5Dd8NPN+GD6bjnYm2VuPuCXmpuYvmCXQ=="],

    "tagged-tag": ["tagged-tag@1.0.0", "", {}, "sha512-yEFYrVhod+hdNyx7g5Bnkkb0G6si8HJurOoOEgC8B/O0uXLHlaey/65KRv6cuWBNhBgHKAROVpc7QyYqE5gFng=="],

    "type-fest": ["type-fest@4.41.0", "", {}, "sha512-TeTSQ6H5YHvpqVwBRcnLDCBnDOHWYu7IvGbHT6N8AOymcr9PJGjc1GTtiWZTYg0NCgYwvnYWEkVChQAr9bjfwA=="],

    "typescript": ["typescript@5.9.3", "", { "bin": { "tsc": "bin/tsc", "tsserver": "bin/tsserver" } }, "sha512-jl1vZzPDinLr9eUt3J/t7V6FgNEw9QjvBPdysz9KfQDD41fQrC2Y4vKQdiaUpFT4bXlb1RHhLpp8wtm6M5TgSw=="],

    "undici-types": ["undici-types@8.3.0", "", {}, "sha512-j375ScV60dom+YkPFIfTLcOiPxkN/buHz5GobjLhixFuANaNs3C9l4GmrWqejgXWJ7BbJcFYpTEUkS1Ge8bpZQ=="],

    "uuid": ["uuid@14.0.2", "", { "bin": { "uuid": "dist-node/bin/uuid" } }, "sha512-xZe/16rV4aa+HGSOCiY2YeLT1OybRLrrkL/Rqaq7p7GMVXjFh+6wN4oMYgjFmnSnhY8t6Xpdl2l9qmnHYuMHwQ=="],

    "wildcard-match": ["wildcard-match@5.1.4", "", {}, "sha512-wldeCaczs8XXq7hj+5d/F38JE2r7EXgb6WQDM84RVwxy81T/sxB5e9+uZLK9Q9oNz1mlvjut+QtvgaOQFPVq/g=="],

    "zod": ["zod@4.5.4", "", {}, "sha512-sC95tT5iHHH9gtpj6A81kh+NEaRAUFN+qlUPDUbRfOMvNf5QCBqsb3WgvnpVtK5Y+4UfA6KqufotuTvMGiTlsA=="],

    "@orpc/contract/@orpc/client": ["@orpc/client@2.0.0-beta.33", "", { "dependencies": { "@orpc/shared": "2.0.0-beta.33", "@standardserver/core": "^0.8.3", "@standardserver/fetch": "^0.8.3", "@standardserver/peer": "^0.8.3" } }, "sha512-sh8pE8DIN3h3lfUxGb8B4PHsMoB+h/2QilSZOjKsbUOYmsfxoN1ZhCSDOCXJoHF4dPtsAhrUBXadPRoWOWuYtw=="],

    "@orpc/contract/@orpc/shared": ["@orpc/shared@2.0.0-beta.33", "", { "dependencies": { "@standardserver/shared": "^0.8.3", "radash": "^12.1.1", "type-fest": "^5.3.1" }, "peerDependencies": { "@opentelemetry/api": ">=1.9.0" }, "optionalPeers": ["@opentelemetry/api"] }, "sha512-mMKO5TZ2bjL8swBnOqc5Jdv+xYIVnT9F40wI5wZjOeRroL++BqRWRzd56CSwsTNx3wRrKLAdGxcMO+WEdmF3Tg=="],

    "@orpc/json-schema/@orpc/client": ["@orpc/client@2.0.0-beta.33", "", { "dependencies": { "@orpc/shared": "2.0.0-beta.33", "@standardserver/core": "^0.8.3", "@standardserver/fetch": "^0.8.3", "@standardserver/peer": "^0.8.3" } }, "sha512-sh8pE8DIN3h3lfUxGb8B4PHsMoB+h/2QilSZOjKsbUOYmsfxoN1ZhCSDOCXJoHF4dPtsAhrUBXadPRoWOWuYtw=="],

    "@orpc/json-schema/@orpc/shared": ["@orpc/shared@2.0.0-beta.33", "", { "dependencies": { "@standardserver/shared": "^0.8.3", "radash": "^12.1.1", "type-fest": "^5.3.1" }, "peerDependencies": { "@opentelemetry/api": ">=1.9.0" }, "optionalPeers": ["@opentelemetry/api"] }, "sha512-mMKO5TZ2bjL8swBnOqc5Jdv+xYIVnT9F40wI5wZjOeRroL++BqRWRzd56CSwsTNx3wRrKLAdGxcMO+WEdmF3Tg=="],

    "@orpc/openapi/@orpc/client": ["@orpc/client@2.0.0-beta.33", "", { "dependencies": { "@orpc/shared": "2.0.0-beta.33", "@standardserver/core": "^0.8.3", "@standardserver/fetch": "^0.8.3", "@standardserver/peer": "^0.8.3" } }, "sha512-sh8pE8DIN3h3lfUxGb8B4PHsMoB+h/2QilSZOjKsbUOYmsfxoN1ZhCSDOCXJoHF4dPtsAhrUBXadPRoWOWuYtw=="],

    "@orpc/openapi/@orpc/shared": ["@orpc/shared@2.0.0-beta.33", "", { "dependencies": { "@standardserver/shared": "^0.8.3", "radash": "^12.1.1", "type-fest": "^5.3.1" }, "peerDependencies": { "@opentelemetry/api": ">=1.9.0" }, "optionalPeers": ["@opentelemetry/api"] }, "sha512-mMKO5TZ2bjL8swBnOqc5Jdv+xYIVnT9F40wI5wZjOeRroL++BqRWRzd56CSwsTNx3wRrKLAdGxcMO+WEdmF3Tg=="],

    "@orpc/server/@orpc/client": ["@orpc/client@2.0.0-beta.33", "", { "dependencies": { "@orpc/shared": "2.0.0-beta.33", "@standardserver/core": "^0.8.3", "@standardserver/fetch": "^0.8.3", "@standardserver/peer": "^0.8.3" } }, "sha512-sh8pE8DIN3h3lfUxGb8B4PHsMoB+h/2QilSZOjKsbUOYmsfxoN1ZhCSDOCXJoHF4dPtsAhrUBXadPRoWOWuYtw=="],

    "@orpc/server/@orpc/shared": ["@orpc/shared@2.0.0-beta.33", "", { "dependencies": { "@standardserver/shared": "^0.8.3", "radash": "^12.1.1", "type-fest": "^5.3.1" }, "peerDependencies": { "@opentelemetry/api": ">=1.9.0" }, "optionalPeers": ["@opentelemetry/api"] }, "sha512-mMKO5TZ2bjL8swBnOqc5Jdv+xYIVnT9F40wI5wZjOeRroL++BqRWRzd56CSwsTNx3wRrKLAdGxcMO+WEdmF3Tg=="],

    "@orpc/shared/zod": ["zod@3.25.76", "", {}, "sha512-gzUt/qt81nXsFGKIFcC3YnfEAx5NkunCfnDlvuBSSFS02bcXu4Lmea0AFIUwbLWxWPx3d9p8S5QoaujKcNQxcQ=="],

    "@orpc/transformer/@orpc/zod": ["@orpc/zod@0.0.1", "", { "dependencies": { "json-schema-typed": "^8.0.1", "wildcard-match": "^5.1.3", "zod": "^3.23.8" } }, "sha512-k/MdXcchblxB7n9L0zBA1evMuJn7QHvUPXMrz8mrwi43nLqcdTChv+bh0Xmj2CSfJYjdBKU9O9i3pXCqsbFwJg=="],

    "@orpc/transformer/zod": ["zod@3.25.76", "", {}, "sha512-gzUt/qt81nXsFGKIFcC3YnfEAx5NkunCfnDlvuBSSFS02bcXu4Lmea0AFIUwbLWxWPx3d9p8S5QoaujKcNQxcQ=="],

    "@orpc/contract/@orpc/shared/type-fest": ["type-fest@5.9.0", "", { "dependencies": { "tagged-tag": "^1.0.0" } }, "sha512-yANm3Jr3GiJ1qgJlxGAVxTOIcEOk1rhQHamlXtnrCK7EHP4HeM9OGxtMg/W7HFdrVzw/ZWJKGVIJusVH85sLtw=="],

    "@orpc/json-schema/@orpc/shared/type-fest": ["type-fest@5.9.0", "", { "dependencies": { "tagged-tag": "^1.0.0" } }, "sha512-yANm3Jr3GiJ1qgJlxGAVxTOIcEOk1rhQHamlXtnrCK7EHP4HeM9OGxtMg/W7HFdrVzw/ZWJKGVIJusVH85sLtw=="],

    "@orpc/openapi/@orpc/shared/type-fest": ["type-fest@5.9.0", "", { "dependencies": { "tagged-tag": "^1.0.0" } }, "sha512-yANm3Jr3GiJ1qgJlxGAVxTOIcEOk1rhQHamlXtnrCK7EHP4HeM9OGxtMg/W7HFdrVzw/ZWJKGVIJusVH85sLtw=="],

    "@orpc/server/@orpc/shared/type-fest": ["type-fest@5.9.0", "", { "dependencies": { "tagged-tag": "^1.0.0" } }, "sha512-yANm3Jr3GiJ1qgJlxGAVxTOIcEOk1rhQHamlXtnrCK7EHP4HeM9OGxtMg/W7HFdrVzw/ZWJKGVIJusVH85sLtw=="],
  }
}
